
Microsoft Visual Studio Solution File, Format Version 11.00
# Visual Studio 2010
Project("{FAE04EC0-301F-11D3-BF4B-00C04F79EFBC}") = "Synthetic Genetics 2", "Assembly-CSharp.csproj", "{FEC8817F-0FD1-C585-FE9C-D0480B5F73A3}"
EndProject
Project("{FAE04EC0-301F-11D3-BF4B-00C04F79EFBC}") = "Synthetic Genetics 2", "Assembly-CSharp-firstpass.csproj", "{4A9A91D4-41BF-4B42-7362-273C3C78A030}"
EndProject
Project("{FAE04EC0-301F-11D3-BF4B-00C04F79EFBC}") = "Synthetic Genetics 2", "Assembly-CSharp-Editor-firstpass.csproj", "{F6E596B8-3B7D-892D-C77D-38B816677CB5}"
EndProject
Global
	GlobalSection(SolutionConfigurationPlatforms) = preSolution
		Debug|Any CPU = Debug|Any CPU
		Release|Any CPU = Release|Any CPU
	EndGlobalSection
	GlobalSection(ProjectConfigurationPlatforms) = postSolution
		{FEC8817F-0FD1-C585-FE9C-D0480B5F73A3}.Debug|Any CPU.ActiveCfg = Debug|Any CPU
		{FEC8817F-0FD1-C585-FE9C-D0480B5F73A3}.Debug|Any CPU.Build.0 = Debug|Any CPU
		{FEC8817F-0FD1-C585-FE9C-D0480B5F73A3}.Release|Any CPU.ActiveCfg = Release|Any CPU
		{FEC8817F-0FD1-C585-FE9C-D0480B5F73A3}.Release|Any CPU.Build.0 = Release|Any CPU
		{4A9A91D4-41BF-4B42-7362-273C3C78A030}.Debug|Any CPU.ActiveCfg = Debug|Any CPU
		{4A9A91D4-41BF-4B42-7362-273C3C78A030}.Debug|Any CPU.Build.0 = Debug|Any CPU
		{4A9A91D4-41BF-4B42-7362-273C3C78A030}.Release|Any CPU.ActiveCfg = Release|Any CPU
		{4A9A91D4-41BF-4B42-7362-273C3C78A030}.Release|Any CPU.Build.0 = Release|Any CPU
		{F6E596B8-3B7D-892D-C77D-38B816677CB5}.Debug|Any CPU.ActiveCfg = Debug|Any CPU
		{F6E596B8-3B7D-892D-C77D-38B816677CB5}.Debug|Any CPU.Build.0 = Debug|Any CPU
		{F6E596B8-3B7D-892D-C77D-38B816677CB5}.Release|Any CPU.ActiveCfg = Release|Any CPU
		{F6E596B8-3B7D-892D-C77D-38B816677CB5}.Release|Any CPU.Build.0 = Release|Any CPU
	EndGlobalSection
	GlobalSection(SolutionProperties) = preSolution
		HideSolutionNode = FALSE
	EndGlobalSection
	GlobalSection(MonoDevelopProperties) = preSolution
		StartupItem = Assembly-CSharp.csproj
	EndGlobalSection
EndGlobal
